
Microsoft Visual Studio Solution File, Format Version 12.00
# Visual Studio 14
VisualStudioVersion = 14.0.25420.1
MinimumVisualStudioVersion = 10.0.40219.1
Project("{FAE04EC0-301F-11D3-BF4B-00C04F79EFBC}") = "SistemaERP", "SistemaERP\SistemaERP.csproj", "{9897ECCA-350F-4256-8350-5183A2E3860B}"
EndProject
Project("{FAE04EC0-301F-11D3-BF4B-00C04F79EFBC}") = "BL.ERP", "BL.ERP\BL.ERP.csproj", "{534EE87D-82EC-43BB-A968-60D9070944A9}"
EndProject
Global
	GlobalSection(SolutionConfigurationPlatforms) = preSolution
		Debug|Any CPU = Debug|Any CPU
		Release|Any CPU = Release|Any CPU
	EndGlobalSection
	GlobalSection(ProjectConfigurationPlatforms) = postSolution
		{9897ECCA-350F-4256-8350-5183A2E3860B}.Debug|Any CPU.ActiveCfg = Debug|Any CPU
		{9897ECCA-350F-4256-8350-5183A2E3860B}.Debug|Any CPU.Build.0 = Debug|Any CPU
		{9897ECCA-350F-4256-8350-5183A2E3860B}.Release|Any CPU.ActiveCfg = Release|Any CPU
		{9897ECCA-350F-4256-8350-5183A2E3860B}.Release|Any CPU.Build.0 = Release|Any CPU
		{534EE87D-82EC-43BB-A968-60D9070944A9}.Debug|Any CPU.ActiveCfg = Debug|Any CPU
		{534EE87D-82EC-43BB-A968-60D9070944A9}.Debug|Any CPU.Build.0 = Debug|Any CPU
		{534EE87D-82EC-43BB-A968-60D9070944A9}.Release|Any CPU.ActiveCfg = Release|Any CPU
		{534EE87D-82EC-43BB-A968-60D9070944A9}.Release|Any CPU.Build.0 = Release|Any CPU
	EndGlobalSection
	GlobalSection(SolutionProperties) = preSolution
		HideSolutionNode = FALSE
	EndGlobalSection
EndGlobal
